
Microsoft Visual Studio Solution File, Format Version 12.00
# Visual Studio Version 17
VisualStudioVersion = 17.1.31911.260
MinimumVisualStudioVersion = 10.0.40219.1
Project("{2150E333-8FDC-42A3-9474-1A3956D46DE8}") = "Web", "Web", "{68457528-412F-4957-ACF7-A1C8FF473736}"
EndProject
Project("{2150E333-8FDC-42A3-9474-1A3956D46DE8}") = "Daemon", "Daemon", "{A141C7A5-C06C-4987-AB33-B72F22A43924}"
EndProject
Project("{9A19103F-16F7-4668-BE54-9A1E7A4F7556}") = "Cobaia.WebApi", "src\Cobaia.WebApi\Cobaia.WebApi.csproj", "{92767913-B13A-4888-AA5B-C8B773F1E943}"
EndProject
Project("{9A19103F-16F7-4668-BE54-9A1E7A4F7556}") = "Cobaia.JobScheduler", "src\Cobaia.JobScheduler\Cobaia.JobScheduler.csproj", "{E631A859-597E-4306-B894-BA81AD54E7FA}"
EndProject
Global
	GlobalSection(SolutionConfigurationPlatforms) = preSolution
		Debug|Any CPU = Debug|Any CPU
		Debug|x64 = Debug|x64
		Release|Any CPU = Release|Any CPU
		Release|x64 = Release|x64
	EndGlobalSection
	GlobalSection(ProjectConfigurationPlatforms) = postSolution
		{92767913-B13A-4888-AA5B-C8B773F1E943}.Debug|Any CPU.ActiveCfg = Debug|Any CPU
		{92767913-B13A-4888-AA5B-C8B773F1E943}.Debug|Any CPU.Build.0 = Debug|Any CPU
		{92767913-B13A-4888-AA5B-C8B773F1E943}.Debug|x64.ActiveCfg = Debug|x64
		{92767913-B13A-4888-AA5B-C8B773F1E943}.Debug|x64.Build.0 = Debug|x64
		{92767913-B13A-4888-AA5B-C8B773F1E943}.Release|Any CPU.ActiveCfg = Release|Any CPU
		{92767913-B13A-4888-AA5B-C8B773F1E943}.Release|Any CPU.Build.0 = Release|Any CPU
		{92767913-B13A-4888-AA5B-C8B773F1E943}.Release|x64.ActiveCfg = Release|x64
		{92767913-B13A-4888-AA5B-C8B773F1E943}.Release|x64.Build.0 = Release|x64
		{E631A859-597E-4306-B894-BA81AD54E7FA}.Debug|Any CPU.ActiveCfg = Debug|Any CPU
		{E631A859-597E-4306-B894-BA81AD54E7FA}.Debug|Any CPU.Build.0 = Debug|Any CPU
		{E631A859-597E-4306-B894-BA81AD54E7FA}.Debug|x64.ActiveCfg = Debug|Any CPU
		{E631A859-597E-4306-B894-BA81AD54E7FA}.Debug|x64.Build.0 = Debug|Any CPU
		{E631A859-597E-4306-B894-BA81AD54E7FA}.Release|Any CPU.ActiveCfg = Release|Any CPU
		{E631A859-597E-4306-B894-BA81AD54E7FA}.Release|Any CPU.Build.0 = Release|Any CPU
		{E631A859-597E-4306-B894-BA81AD54E7FA}.Release|x64.ActiveCfg = Release|Any CPU
		{E631A859-597E-4306-B894-BA81AD54E7FA}.Release|x64.Build.0 = Release|Any CPU
	EndGlobalSection
	GlobalSection(SolutionProperties) = preSolution
		HideSolutionNode = FALSE
	EndGlobalSection
	GlobalSection(NestedProjects) = preSolution
		{92767913-B13A-4888-AA5B-C8B773F1E943} = {68457528-412F-4957-ACF7-A1C8FF473736}
		{E631A859-597E-4306-B894-BA81AD54E7FA} = {A141C7A5-C06C-4987-AB33-B72F22A43924}
	EndGlobalSection
	GlobalSection(ExtensibilityGlobals) = postSolution
		SolutionGuid = {82B89335-5D92-4AF5-8BC7-1D16A35AD38F}
	EndGlobalSection
EndGlobal
