
Microsoft Visual Studio Solution File, Format Version 12.00
# Visual Studio Version 17
VisualStudioVersion = 17.1.31911.260
MinimumVisualStudioVersion = 10.0.40219.1
Project("{9A19103F-16F7-4668-BE54-9A1E7A4F7556}") = "Cobaia.App", "src\Cobaia.App\Cobaia.App.csproj", "{F7082E95-146E-4113-8D60-2E5677DD887B}"
EndProject
Project("{9A19103F-16F7-4668-BE54-9A1E7A4F7556}") = "Cobaia.NoSwaggerFunction", "src\Cobaia.NoSwaggerFunction\Cobaia.NoSwaggerFunction.csproj", "{A9224076-05F8-4E20-B548-1A5A56053E0C}"
EndProject
Project("{9A19103F-16F7-4668-BE54-9A1E7A4F7556}") = "Cobaia.WithSwaggerFunction", "src\Cobaia.WithSwaggerFunction\Cobaia.WithSwaggerFunction.csproj", "{2F09408C-C36F-4200-B3C6-7BD0725FF6A5}"
EndProject
Project("{2150E333-8FDC-42A3-9474-1A3956D46DE8}") = "Serverless", "Serverless", "{FD06C983-F48F-4CD8-9D33-270645ADD398}"
EndProject
Project("{2150E333-8FDC-42A3-9474-1A3956D46DE8}") = "Web", "Web", "{68457528-412F-4957-ACF7-A1C8FF473736}"
EndProject
Project("{2150E333-8FDC-42A3-9474-1A3956D46DE8}") = "Daemon", "Daemon", "{A141C7A5-C06C-4987-AB33-B72F22A43924}"
EndProject
Project("{9A19103F-16F7-4668-BE54-9A1E7A4F7556}") = "Cobaia.WebApi", "src\Cobaia.WebApi\Cobaia.WebApi.csproj", "{92767913-B13A-4888-AA5B-C8B773F1E943}"
EndProject
Project("{9A19103F-16F7-4668-BE54-9A1E7A4F7556}") = "Cobaia.JobScheduler", "src\Cobaia.JobScheduler\Cobaia.JobScheduler.csproj", "{E631A859-597E-4306-B894-BA81AD54E7FA}"
EndProject
Global
	GlobalSection(SolutionConfigurationPlatforms) = preSolution
		Debug|Any CPU = Debug|Any CPU
		Debug|x64 = Debug|x64
		Release|Any CPU = Release|Any CPU
		Release|x64 = Release|x64
	EndGlobalSection
	GlobalSection(ProjectConfigurationPlatforms) = postSolution
		{F7082E95-146E-4113-8D60-2E5677DD887B}.Debug|Any CPU.ActiveCfg = Debug|Any CPU
		{F7082E95-146E-4113-8D60-2E5677DD887B}.Debug|Any CPU.Build.0 = Debug|Any CPU
		{F7082E95-146E-4113-8D60-2E5677DD887B}.Debug|x64.ActiveCfg = Debug|Any CPU
		{F7082E95-146E-4113-8D60-2E5677DD887B}.Debug|x64.Build.0 = Debug|Any CPU
		{F7082E95-146E-4113-8D60-2E5677DD887B}.Release|Any CPU.ActiveCfg = Release|Any CPU
		{F7082E95-146E-4113-8D60-2E5677DD887B}.Release|Any CPU.Build.0 = Release|Any CPU
		{F7082E95-146E-4113-8D60-2E5677DD887B}.Release|x64.ActiveCfg = Release|Any CPU
		{F7082E95-146E-4113-8D60-2E5677DD887B}.Release|x64.Build.0 = Release|Any CPU
		{A9224076-05F8-4E20-B548-1A5A56053E0C}.Debug|Any CPU.ActiveCfg = Debug|Any CPU
		{A9224076-05F8-4E20-B548-1A5A56053E0C}.Debug|Any CPU.Build.0 = Debug|Any CPU
		{A9224076-05F8-4E20-B548-1A5A56053E0C}.Debug|x64.ActiveCfg = Debug|Any CPU
		{A9224076-05F8-4E20-B548-1A5A56053E0C}.Debug|x64.Build.0 = Debug|Any CPU
		{A9224076-05F8-4E20-B548-1A5A56053E0C}.Release|Any CPU.ActiveCfg = Release|Any CPU
		{A9224076-05F8-4E20-B548-1A5A56053E0C}.Release|Any CPU.Build.0 = Release|Any CPU
		{A9224076-05F8-4E20-B548-1A5A56053E0C}.Release|x64.ActiveCfg = Release|Any CPU
		{A9224076-05F8-4E20-B548-1A5A56053E0C}.Release|x64.Build.0 = Release|Any CPU
		{2F09408C-C36F-4200-B3C6-7BD0725FF6A5}.Debug|Any CPU.ActiveCfg = Debug|Any CPU
		{2F09408C-C36F-4200-B3C6-7BD0725FF6A5}.Debug|Any CPU.Build.0 = Debug|Any CPU
		{2F09408C-C36F-4200-B3C6-7BD0725FF6A5}.Debug|x64.ActiveCfg = Debug|Any CPU
		{2F09408C-C36F-4200-B3C6-7BD0725FF6A5}.Debug|x64.Build.0 = Debug|Any CPU
		{2F09408C-C36F-4200-B3C6-7BD0725FF6A5}.Release|Any CPU.ActiveCfg = Release|Any CPU
		{2F09408C-C36F-4200-B3C6-7BD0725FF6A5}.Release|Any CPU.Build.0 = Release|Any CPU
		{2F09408C-C36F-4200-B3C6-7BD0725FF6A5}.Release|x64.ActiveCfg = Release|Any CPU
		{2F09408C-C36F-4200-B3C6-7BD0725FF6A5}.Release|x64.Build.0 = Release|Any CPU
		{92767913-B13A-4888-AA5B-C8B773F1E943}.Debug|Any CPU.ActiveCfg = Debug|Any CPU
		{92767913-B13A-4888-AA5B-C8B773F1E943}.Debug|Any CPU.Build.0 = Debug|Any CPU
		{92767913-B13A-4888-AA5B-C8B773F1E943}.Debug|x64.ActiveCfg = Debug|x64
		{92767913-B13A-4888-AA5B-C8B773F1E943}.Debug|x64.Build.0 = Debug|x64
		{92767913-B13A-4888-AA5B-C8B773F1E943}.Release|Any CPU.ActiveCfg = Release|Any CPU
		{92767913-B13A-4888-AA5B-C8B773F1E943}.Release|Any CPU.Build.0 = Release|Any CPU
		{92767913-B13A-4888-AA5B-C8B773F1E943}.Release|x64.ActiveCfg = Release|x64
		{92767913-B13A-4888-AA5B-C8B773F1E943}.Release|x64.Build.0 = Release|x64
		{E631A859-597E-4306-B894-BA81AD54E7FA}.Debug|Any CPU.ActiveCfg = Debug|Any CPU
		{E631A859-597E-4306-B894-BA81AD54E7FA}.Debug|Any CPU.Build.0 = Debug|Any CPU
		{E631A859-597E-4306-B894-BA81AD54E7FA}.Debug|x64.ActiveCfg = Debug|Any CPU
		{E631A859-597E-4306-B894-BA81AD54E7FA}.Debug|x64.Build.0 = Debug|Any CPU
		{E631A859-597E-4306-B894-BA81AD54E7FA}.Release|Any CPU.ActiveCfg = Release|Any CPU
		{E631A859-597E-4306-B894-BA81AD54E7FA}.Release|Any CPU.Build.0 = Release|Any CPU
		{E631A859-597E-4306-B894-BA81AD54E7FA}.Release|x64.ActiveCfg = Release|Any CPU
		{E631A859-597E-4306-B894-BA81AD54E7FA}.Release|x64.Build.0 = Release|Any CPU
	EndGlobalSection
	GlobalSection(SolutionProperties) = preSolution
		HideSolutionNode = FALSE
	EndGlobalSection
	GlobalSection(NestedProjects) = preSolution
		{F7082E95-146E-4113-8D60-2E5677DD887B} = {A141C7A5-C06C-4987-AB33-B72F22A43924}
		{A9224076-05F8-4E20-B548-1A5A56053E0C} = {FD06C983-F48F-4CD8-9D33-270645ADD398}
		{2F09408C-C36F-4200-B3C6-7BD0725FF6A5} = {FD06C983-F48F-4CD8-9D33-270645ADD398}
		{92767913-B13A-4888-AA5B-C8B773F1E943} = {68457528-412F-4957-ACF7-A1C8FF473736}
		{E631A859-597E-4306-B894-BA81AD54E7FA} = {A141C7A5-C06C-4987-AB33-B72F22A43924}
	EndGlobalSection
	GlobalSection(ExtensibilityGlobals) = postSolution
		SolutionGuid = {82B89335-5D92-4AF5-8BC7-1D16A35AD38F}
	EndGlobalSection
EndGlobal
